
Microsoft Visual Studio Solution File, Format Version 12.00
# Visual Studio Version 17
VisualStudioVersion = 17.11.35222.181
MinimumVisualStudioVersion = 10.0.40219.1
Project("{FAE04EC0-301F-11D3-BF4B-00C04F79EFBC}") = "MS3-LMS", "MS3-LMS\MS3-LMS.csproj", "{AD7BFD15-473F-405B-BC03-EBFBF93B4BCF}"
EndProject
Global
	GlobalSection(SolutionConfigurationPlatforms) = preSolution
		Debug|Any CPU = Debug|Any CPU
		Release|Any CPU = Release|Any CPU
	EndGlobalSection
	GlobalSection(ProjectConfigurationPlatforms) = postSolution
		{AD7BFD15-473F-405B-BC03-EBFBF93B4BCF}.Debug|Any CPU.ActiveCfg = Debug|Any CPU
		{AD7BFD15-473F-405B-BC03-EBFBF93B4BCF}.Debug|Any CPU.Build.0 = Debug|Any CPU
		{AD7BFD15-473F-405B-BC03-EBFBF93B4BCF}.Release|Any CPU.ActiveCfg = Release|Any CPU
		{AD7BFD15-473F-405B-BC03-EBFBF93B4BCF}.Release|Any CPU.Build.0 = Release|Any CPU
	EndGlobalSection
	GlobalSection(SolutionProperties) = preSolution
		HideSolutionNode = FALSE
	EndGlobalSection
	GlobalSection(ExtensibilityGlobals) = postSolution
		SolutionGuid = {753D74DF-FF29-41A1-8073-6AC54C8EC864}
	EndGlobalSection
EndGlobal
